
Microsoft Visual Studio Solution File, Format Version 12.00
# Visual Studio Version 16
VisualStudioVersion = 16.0.29905.134
MinimumVisualStudioVersion = 10.0.40219.1
Project("{2150E333-8FDC-42A3-9474-1A3956D46DE8}") = "Microservices", "Microservices", "{220B950A-4F95-4188-95EB-9950F2F50A61}"
EndProject
Project("{2150E333-8FDC-42A3-9474-1A3956D46DE8}") = "Domain", "Domain", "{40233298-B482-4CF0-8881-5E054E9464AA}"
EndProject
Project("{2150E333-8FDC-42A3-9474-1A3956D46DE8}") = "Infra.Bus", "Infra.Bus", "{A8A5F6D7-4211-47A3-ABB2-A1816210738C}"
EndProject
Project("{2150E333-8FDC-42A3-9474-1A3956D46DE8}") = "Infra.IoC", "Infra.IoC", "{5821442C-6858-4B0A-AB80-4A1C8F553F12}"
EndProject
Project("{2150E333-8FDC-42A3-9474-1A3956D46DE8}") = "Presentation", "Presentation", "{EBF6878B-AC36-459B-8563-ED7F57255785}"
EndProject
Project("{FAE04EC0-301F-11D3-BF4B-00C04F79EFBC}") = "MicroRabbit.Domain.Core", "MicroRabbit.Domain.Core\MicroRabbit.Domain.Core.csproj", "{2A58D027-261B-4BBC-925D-2DDFC6E9A969}"
EndProject
Global
	GlobalSection(SolutionConfigurationPlatforms) = preSolution
		Debug|Any CPU = Debug|Any CPU
		Release|Any CPU = Release|Any CPU
	EndGlobalSection
	GlobalSection(ProjectConfigurationPlatforms) = postSolution
		{2A58D027-261B-4BBC-925D-2DDFC6E9A969}.Debug|Any CPU.ActiveCfg = Debug|Any CPU
		{2A58D027-261B-4BBC-925D-2DDFC6E9A969}.Debug|Any CPU.Build.0 = Debug|Any CPU
		{2A58D027-261B-4BBC-925D-2DDFC6E9A969}.Release|Any CPU.ActiveCfg = Release|Any CPU
		{2A58D027-261B-4BBC-925D-2DDFC6E9A969}.Release|Any CPU.Build.0 = Release|Any CPU
	EndGlobalSection
	GlobalSection(SolutionProperties) = preSolution
		HideSolutionNode = FALSE
	EndGlobalSection
	GlobalSection(NestedProjects) = preSolution
		{2A58D027-261B-4BBC-925D-2DDFC6E9A969} = {40233298-B482-4CF0-8881-5E054E9464AA}
	EndGlobalSection
	GlobalSection(ExtensibilityGlobals) = postSolution
		SolutionGuid = {7CD6807E-DDA9-4A91-8914-EFF0AD4FDCAE}
	EndGlobalSection
EndGlobal
